
Microsoft Visual Studio Solution File, Format Version 12.00
# Visual Studio Version 17
VisualStudioVersion = 17.0.31903.59
MinimumVisualStudioVersion = 10.0.40219.1
Project("{FAE04EC0-301F-11D3-BF4B-00C04F79EFBC}") = "FinPal.Expense.Api", "FinPal.Expense.Api\FinPal.Expense.Api.csproj", "{BD90A5CC-A9D3-4C21-BE7F-9378D90AFCAA}"
EndProject
Global
	GlobalSection(SolutionConfigurationPlatforms) = preSolution
		Debug|Any CPU = Debug|Any CPU
		Release|Any CPU = Release|Any CPU
	EndGlobalSection
	GlobalSection(SolutionProperties) = preSolution
		HideSolutionNode = FALSE
	EndGlobalSection
	GlobalSection(ProjectConfigurationPlatforms) = postSolution
		{BD90A5CC-A9D3-4C21-BE7F-9378D90AFCAA}.Debug|Any CPU.ActiveCfg = Debug|Any CPU
		{BD90A5CC-A9D3-4C21-BE7F-9378D90AFCAA}.Debug|Any CPU.Build.0 = Debug|Any CPU
		{BD90A5CC-A9D3-4C21-BE7F-9378D90AFCAA}.Release|Any CPU.ActiveCfg = Release|Any CPU
		{BD90A5CC-A9D3-4C21-BE7F-9378D90AFCAA}.Release|Any CPU.Build.0 = Release|Any CPU
	EndGlobalSection
EndGlobal
